// !$*UTF8*$!
{
	archiveVersion = 1;
	classes = {
	};
	objectVersion = 56;
	objects = {

/* Begin PBXBuildFile section */
		46D117452CB534BE000E3978 /* NetworkManager.swift in Sources */ = {isa = PBXBuildFile; fileRef = 46D117442CB534BE000E3978 /* NetworkManager.swift */; };
		46D117472CB53563000E3978 /* TMDBRouter.swift in Sources */ = {isa = PBXBuildFile; fileRef = 46D117462CB53563000E3978 /* TMDBRouter.swift */; };
		46D1174C2CB77F59000E3978 /* (null) in Sources */ = {isa = PBXBuildFile; };
		46D1174F2CB78D2E000E3978 /* TrendingMovieDTO.swift in Sources */ = {isa = PBXBuildFile; fileRef = 46D1174E2CB78D2E000E3978 /* TrendingMovieDTO.swift */; };
		46D117512CB791AD000E3978 /* SearchDTO.swift in Sources */ = {isa = PBXBuildFile; fileRef = 46D117502CB791AD000E3978 /* SearchDTO.swift */; };
		46D117532CB79426000E3978 /* TrendingTvDTO.swift in Sources */ = {isa = PBXBuildFile; fileRef = 46D117522CB79426000E3978 /* TrendingTvDTO.swift */; };
		46D1175A2CB798B7000E3978 /* GenreDTO.swift in Sources */ = {isa = PBXBuildFile; fileRef = 46D117592CB798B7000E3978 /* GenreDTO.swift */; };
		46D1175C2CB798F7000E3978 /* SimilarMovieDTO.swift in Sources */ = {isa = PBXBuildFile; fileRef = 46D1175B2CB798F7000E3978 /* SimilarMovieDTO.swift */; };
		46D1175E2CB79907000E3978 /* SimilarTvDTO.swift in Sources */ = {isa = PBXBuildFile; fileRef = 46D1175D2CB79907000E3978 /* SimilarTvDTO.swift */; };
		46D117602CB7A215000E3978 /* CreditsDTO.swift in Sources */ = {isa = PBXBuildFile; fileRef = 46D1175F2CB7A215000E3978 /* CreditsDTO.swift */; };
		46D117752CB7BA06000E3978 /* (null) in Frameworks */ = {isa = PBXBuildFile; };
		46D117842CB7D34B000E3978 /* APIError.swift in Sources */ = {isa = PBXBuildFile; fileRef = 46D117832CB7D34B000E3978 /* APIError.swift */; };
		53737A562CB510BB00DDB73F /* AppDelegate.swift in Sources */ = {isa = PBXBuildFile; fileRef = 53737A552CB510BB00DDB73F /* AppDelegate.swift */; };
		53737A582CB510BB00DDB73F /* SceneDelegate.swift in Sources */ = {isa = PBXBuildFile; fileRef = 53737A572CB510BB00DDB73F /* SceneDelegate.swift */; };
		53737A5F2CB510BD00DDB73F /* Assets.xcassets in Resources */ = {isa = PBXBuildFile; fileRef = 53737A5E2CB510BD00DDB73F /* Assets.xcassets */; };
		53737A622CB510BD00DDB73F /* Base in Resources */ = {isa = PBXBuildFile; fileRef = 53737A612CB510BD00DDB73F /* Base */; };
		53737A6A2CB510D400DDB73F /* .gitignore in Resources */ = {isa = PBXBuildFile; fileRef = 53737A692CB510D400DDB73F /* .gitignore */; };
		5373FFB22CB6AD70006E54A8 /* FavoriteContent.swift in Sources */ = {isa = PBXBuildFile; fileRef = 5373FFB12CB6AD70006E54A8 /* FavoriteContent.swift */; };
		53B731F52CB6B13A00D18FAB /* FavoriteEntity+CoreDataClass.swift in Sources */ = {isa = PBXBuildFile; fileRef = 536843802CB6AEE000FD33C8 /* FavoriteEntity+CoreDataClass.swift */; };
		53B731F62CB6B13A00D18FAB /* FavoriteEntity+CoreDataProperties.swift in Sources */ = {isa = PBXBuildFile; fileRef = 536843812CB6AEE000FD33C8 /* FavoriteEntity+CoreDataProperties.swift */; };
		53B731F82CB6B19C00D18FAB /* CoreDataManager.swift in Sources */ = {isa = PBXBuildFile; fileRef = 53B731F72CB6B19C00D18FAB /* CoreDataManager.swift */; };
		53B731FB2CB6B1B400D18FAB /* FavoriteManager.swift in Sources */ = {isa = PBXBuildFile; fileRef = 53B731FA2CB6B1B400D18FAB /* FavoriteManager.swift */; };
		53FAB4862CB792DC005C4D34 /* (null) in Sources */ = {isa = PBXBuildFile; };
		53FAB4892CB7934D005C4D34 /* FavoriteListViewModel.swift in Sources */ = {isa = PBXBuildFile; fileRef = 53FAB4882CB7934D005C4D34 /* FavoriteListViewModel.swift */; };
		6B1A213B2CBE4ABF003CBB66 /* Moya in Frameworks */ = {isa = PBXBuildFile; productRef = 6B1A213A2CBE4ABF003CBB66 /* Moya */; };
		6B1A213D2CBE4ABF003CBB66 /* RxMoya in Frameworks */ = {isa = PBXBuildFile; productRef = 6B1A213C2CBE4ABF003CBB66 /* RxMoya */; };
		6B1A21402CBE4AE5003CBB66 /* RxCocoa in Frameworks */ = {isa = PBXBuildFile; productRef = 6B1A213F2CBE4AE5003CBB66 /* RxCocoa */; };
		6B1A21422CBE4AE5003CBB66 /* RxSwift in Frameworks */ = {isa = PBXBuildFile; productRef = 6B1A21412CBE4AE5003CBB66 /* RxSwift */; };
		6B1A21452CBE4AF1003CBB66 /* SnapKit in Frameworks */ = {isa = PBXBuildFile; productRef = 6B1A21442CBE4AF1003CBB66 /* SnapKit */; };
		6B1A21482CBE4AFD003CBB66 /* Kingfisher in Frameworks */ = {isa = PBXBuildFile; productRef = 6B1A21472CBE4AFD003CBB66 /* Kingfisher */; };
		6B2363AD2CB52ACA0008AA8C /* BaseViewProtocol.swift in Sources */ = {isa = PBXBuildFile; fileRef = 6B2363AC2CB52ACA0008AA8C /* BaseViewProtocol.swift */; };
		6B2363B62CB531E60008AA8C /* UIButton+Extension.swift in Sources */ = {isa = PBXBuildFile; fileRef = 6B2363B52CB531E60008AA8C /* UIButton+Extension.swift */; };
		6B2363B82CB5321E0008AA8C /* DesignOfButton.swift in Sources */ = {isa = PBXBuildFile; fileRef = 6B2363B72CB5321E0008AA8C /* DesignOfButton.swift */; };
		6B2363C72CB539830008AA8C /* PosterCollectionViewCell.swift in Sources */ = {isa = PBXBuildFile; fileRef = 6B2363C62CB539830008AA8C /* PosterCollectionViewCell.swift */; };
		6B2363CB2CB53C9F0008AA8C /* MovieListCollectionViewCell.swift in Sources */ = {isa = PBXBuildFile; fileRef = 6B2363CA2CB53C9F0008AA8C /* MovieListCollectionViewCell.swift */; };
		6B2363CD2CB6555A0008AA8C /* MainRecommendCollectionViewCell.swift in Sources */ = {isa = PBXBuildFile; fileRef = 6B2363CC2CB6555A0008AA8C /* MainRecommendCollectionViewCell.swift */; };
		6B2363CF2CB65A540008AA8C /* ReuseableIdentifierProtocol.swift in Sources */ = {isa = PBXBuildFile; fileRef = 6B2363CE2CB65A540008AA8C /* ReuseableIdentifierProtocol.swift */; };
		6B2363D22CB65CAD0008AA8C /* TitleCollectionViewHeader.swift in Sources */ = {isa = PBXBuildFile; fileRef = 6B2363D12CB65CAD0008AA8C /* TitleCollectionViewHeader.swift */; };
		6B2363DC2CB76F450008AA8C /* HomeViewController.swift in Sources */ = {isa = PBXBuildFile; fileRef = 6B2363DB2CB76F450008AA8C /* HomeViewController.swift */; };
		6B2363E12CB770540008AA8C /* SearchViewController.swift in Sources */ = {isa = PBXBuildFile; fileRef = 6B2363E02CB770540008AA8C /* SearchViewController.swift */; };
		6B2363E52CB775370008AA8C /* FavoriteListViewController.swift in Sources */ = {isa = PBXBuildFile; fileRef = 6B2363E42CB775370008AA8C /* FavoriteListViewController.swift */; };
		6B2363F02CB78CDD0008AA8C /* UserTabBarController.swift in Sources */ = {isa = PBXBuildFile; fileRef = 6B2363EF2CB78CDD0008AA8C /* UserTabBarController.swift */; };
		6B2363F42CB795270008AA8C /* DetailViewController.swift in Sources */ = {isa = PBXBuildFile; fileRef = 6B2363F32CB795270008AA8C /* DetailViewController.swift */; };
		6B2363F72CB798060008AA8C /* DetailOverviewCollectionViewCell.swift in Sources */ = {isa = PBXBuildFile; fileRef = 6B2363F62CB798060008AA8C /* DetailOverviewCollectionViewCell.swift */; };
		6B2363F92CB79C2C0008AA8C /* DetailInformationCollectionViewCell.swift in Sources */ = {isa = PBXBuildFile; fileRef = 6B2363F82CB79C2C0008AA8C /* DetailInformationCollectionViewCell.swift */; };
		6B2364032CB7AACE0008AA8C /* DetailCastCollectionViewCell.swift in Sources */ = {isa = PBXBuildFile; fileRef = 6B2364022CB7AACE0008AA8C /* DetailCastCollectionViewCell.swift */; };
		6B2364182CB7D5290008AA8C /* FavoriteDataModel.xcdatamodeld in Sources */ = {isa = PBXBuildFile; fileRef = 6B2364162CB7D5290008AA8C /* FavoriteDataModel.xcdatamodeld */; };
		6B23641C2CB7D5710008AA8C /* HomeViewModel.swift in Sources */ = {isa = PBXBuildFile; fileRef = 6B23641B2CB7D5710008AA8C /* HomeViewModel.swift */; };
/* End PBXBuildFile section */

/* Begin PBXFileReference section */
		46D117442CB534BE000E3978 /* NetworkManager.swift */ = {isa = PBXFileReference; lastKnownFileType = sourcecode.swift; path = NetworkManager.swift; sourceTree = "<group>"; };
		46D117462CB53563000E3978 /* TMDBRouter.swift */ = {isa = PBXFileReference; lastKnownFileType = sourcecode.swift; path = TMDBRouter.swift; sourceTree = "<group>"; };
		46D1174E2CB78D2E000E3978 /* TrendingMovieDTO.swift */ = {isa = PBXFileReference; lastKnownFileType = sourcecode.swift; path = TrendingMovieDTO.swift; sourceTree = "<group>"; };
		46D117502CB791AD000E3978 /* SearchDTO.swift */ = {isa = PBXFileReference; lastKnownFileType = sourcecode.swift; path = SearchDTO.swift; sourceTree = "<group>"; };
		46D117522CB79426000E3978 /* TrendingTvDTO.swift */ = {isa = PBXFileReference; lastKnownFileType = sourcecode.swift; path = TrendingTvDTO.swift; sourceTree = "<group>"; };
		46D117592CB798B7000E3978 /* GenreDTO.swift */ = {isa = PBXFileReference; lastKnownFileType = sourcecode.swift; path = GenreDTO.swift; sourceTree = "<group>"; };
		46D1175B2CB798F7000E3978 /* SimilarMovieDTO.swift */ = {isa = PBXFileReference; lastKnownFileType = sourcecode.swift; path = SimilarMovieDTO.swift; sourceTree = "<group>"; };
		46D1175D2CB79907000E3978 /* SimilarTvDTO.swift */ = {isa = PBXFileReference; lastKnownFileType = sourcecode.swift; path = SimilarTvDTO.swift; sourceTree = "<group>"; };
		46D1175F2CB7A215000E3978 /* CreditsDTO.swift */ = {isa = PBXFileReference; lastKnownFileType = sourcecode.swift; path = CreditsDTO.swift; sourceTree = "<group>"; };
		46D117832CB7D34B000E3978 /* APIError.swift */ = {isa = PBXFileReference; lastKnownFileType = sourcecode.swift; path = APIError.swift; sourceTree = "<group>"; };
		536843802CB6AEE000FD33C8 /* FavoriteEntity+CoreDataClass.swift */ = {isa = PBXFileReference; lastKnownFileType = sourcecode.swift; path = "FavoriteEntity+CoreDataClass.swift"; sourceTree = "<group>"; };
		536843812CB6AEE000FD33C8 /* FavoriteEntity+CoreDataProperties.swift */ = {isa = PBXFileReference; lastKnownFileType = sourcecode.swift; path = "FavoriteEntity+CoreDataProperties.swift"; sourceTree = "<group>"; };
		53737A522CB510BB00DDB73F /* TongueLaw.app */ = {isa = PBXFileReference; explicitFileType = wrapper.application; includeInIndex = 0; path = TongueLaw.app; sourceTree = BUILT_PRODUCTS_DIR; };
		53737A552CB510BB00DDB73F /* AppDelegate.swift */ = {isa = PBXFileReference; lastKnownFileType = sourcecode.swift; path = AppDelegate.swift; sourceTree = "<group>"; };
		53737A572CB510BB00DDB73F /* SceneDelegate.swift */ = {isa = PBXFileReference; lastKnownFileType = sourcecode.swift; path = SceneDelegate.swift; sourceTree = "<group>"; };
		53737A5E2CB510BD00DDB73F /* Assets.xcassets */ = {isa = PBXFileReference; lastKnownFileType = folder.assetcatalog; path = Assets.xcassets; sourceTree = "<group>"; };
		53737A612CB510BD00DDB73F /* Base */ = {isa = PBXFileReference; lastKnownFileType = file.storyboard; name = Base; path = Base.lproj/LaunchScreen.storyboard; sourceTree = "<group>"; };
		53737A632CB510BD00DDB73F /* Info.plist */ = {isa = PBXFileReference; lastKnownFileType = text.plist.xml; path = Info.plist; sourceTree = "<group>"; };
		53737A692CB510D400DDB73F /* .gitignore */ = {isa = PBXFileReference; lastKnownFileType = text; path = .gitignore; sourceTree = "<group>"; };
		5373FFB12CB6AD70006E54A8 /* FavoriteContent.swift */ = {isa = PBXFileReference; lastKnownFileType = sourcecode.swift; path = FavoriteContent.swift; sourceTree = "<group>"; };
		53B731F72CB6B19C00D18FAB /* CoreDataManager.swift */ = {isa = PBXFileReference; lastKnownFileType = sourcecode.swift; path = CoreDataManager.swift; sourceTree = "<group>"; };
		53B731FA2CB6B1B400D18FAB /* FavoriteManager.swift */ = {isa = PBXFileReference; lastKnownFileType = sourcecode.swift; path = FavoriteManager.swift; sourceTree = "<group>"; };
		53FAB4882CB7934D005C4D34 /* FavoriteListViewModel.swift */ = {isa = PBXFileReference; lastKnownFileType = sourcecode.swift; path = FavoriteListViewModel.swift; sourceTree = "<group>"; };
		6B2363AC2CB52ACA0008AA8C /* BaseViewProtocol.swift */ = {isa = PBXFileReference; lastKnownFileType = sourcecode.swift; path = BaseViewProtocol.swift; sourceTree = "<group>"; };
		6B2363B52CB531E60008AA8C /* UIButton+Extension.swift */ = {isa = PBXFileReference; lastKnownFileType = sourcecode.swift; path = "UIButton+Extension.swift"; sourceTree = "<group>"; };
		6B2363B72CB5321E0008AA8C /* DesignOfButton.swift */ = {isa = PBXFileReference; lastKnownFileType = sourcecode.swift; path = DesignOfButton.swift; sourceTree = "<group>"; };
		6B2363C62CB539830008AA8C /* PosterCollectionViewCell.swift */ = {isa = PBXFileReference; lastKnownFileType = sourcecode.swift; path = PosterCollectionViewCell.swift; sourceTree = "<group>"; };
		6B2363CA2CB53C9F0008AA8C /* MovieListCollectionViewCell.swift */ = {isa = PBXFileReference; lastKnownFileType = sourcecode.swift; path = MovieListCollectionViewCell.swift; sourceTree = "<group>"; };
		6B2363CC2CB6555A0008AA8C /* MainRecommendCollectionViewCell.swift */ = {isa = PBXFileReference; lastKnownFileType = sourcecode.swift; path = MainRecommendCollectionViewCell.swift; sourceTree = "<group>"; };
		6B2363CE2CB65A540008AA8C /* ReuseableIdentifierProtocol.swift */ = {isa = PBXFileReference; lastKnownFileType = sourcecode.swift; path = ReuseableIdentifierProtocol.swift; sourceTree = "<group>"; };
		6B2363D12CB65CAD0008AA8C /* TitleCollectionViewHeader.swift */ = {isa = PBXFileReference; lastKnownFileType = sourcecode.swift; path = TitleCollectionViewHeader.swift; sourceTree = "<group>"; };
		6B2363DB2CB76F450008AA8C /* HomeViewController.swift */ = {isa = PBXFileReference; lastKnownFileType = sourcecode.swift; path = HomeViewController.swift; sourceTree = "<group>"; };
		6B2363E02CB770540008AA8C /* SearchViewController.swift */ = {isa = PBXFileReference; lastKnownFileType = sourcecode.swift; path = SearchViewController.swift; sourceTree = "<group>"; };
		6B2363E42CB775370008AA8C /* FavoriteListViewController.swift */ = {isa = PBXFileReference; lastKnownFileType = sourcecode.swift; path = FavoriteListViewController.swift; sourceTree = "<group>"; };
		6B2363EF2CB78CDD0008AA8C /* UserTabBarController.swift */ = {isa = PBXFileReference; lastKnownFileType = sourcecode.swift; path = UserTabBarController.swift; sourceTree = "<group>"; };
		6B2363F32CB795270008AA8C /* DetailViewController.swift */ = {isa = PBXFileReference; lastKnownFileType = sourcecode.swift; path = DetailViewController.swift; sourceTree = "<group>"; };
		6B2363F62CB798060008AA8C /* DetailOverviewCollectionViewCell.swift */ = {isa = PBXFileReference; lastKnownFileType = sourcecode.swift; path = DetailOverviewCollectionViewCell.swift; sourceTree = "<group>"; };
		6B2363F82CB79C2C0008AA8C /* DetailInformationCollectionViewCell.swift */ = {isa = PBXFileReference; lastKnownFileType = sourcecode.swift; path = DetailInformationCollectionViewCell.swift; sourceTree = "<group>"; };
		6B2364022CB7AACE0008AA8C /* DetailCastCollectionViewCell.swift */ = {isa = PBXFileReference; lastKnownFileType = sourcecode.swift; path = DetailCastCollectionViewCell.swift; sourceTree = "<group>"; };
		6B2364152CB7D4A10008AA8C /* Secretes.xcconfig */ = {isa = PBXFileReference; lastKnownFileType = text.xcconfig; path = Secretes.xcconfig; sourceTree = "<group>"; };
		6B2364172CB7D5290008AA8C /* FavoriteModel.xcdatamodel */ = {isa = PBXFileReference; lastKnownFileType = wrapper.xcdatamodel; path = FavoriteModel.xcdatamodel; sourceTree = "<group>"; };
		6B23641B2CB7D5710008AA8C /* HomeViewModel.swift */ = {isa = PBXFileReference; lastKnownFileType = sourcecode.swift; path = HomeViewModel.swift; sourceTree = "<group>"; };
/* End PBXFileReference section */

/* Begin PBXFrameworksBuildPhase section */
		53737A4F2CB510BB00DDB73F /* Frameworks */ = {
			isa = PBXFrameworksBuildPhase;
			buildActionMask = 2147483647;
			files = (
				6B1A213D2CBE4ABF003CBB66 /* RxMoya in Frameworks */,
				6B1A213B2CBE4ABF003CBB66 /* Moya in Frameworks */,
				6B1A21482CBE4AFD003CBB66 /* Kingfisher in Frameworks */,
				6B1A21422CBE4AE5003CBB66 /* RxSwift in Frameworks */,
				6B1A21452CBE4AF1003CBB66 /* SnapKit in Frameworks */,
				6B1A21402CBE4AE5003CBB66 /* RxCocoa in Frameworks */,
				46D117752CB7BA06000E3978 /* (null) in Frameworks */,
			);
			runOnlyForDeploymentPostprocessing = 0;
		};
/* End PBXFrameworksBuildPhase section */

/* Begin PBXGroup section */
		46D117432CB53490000E3978 /* Network */ = {
			isa = PBXGroup;
			children = (
				46D117822CB7D335000E3978 /* APIError */,
				46D1174D2CB78D0D000E3978 /* DTO */,
				46D117442CB534BE000E3978 /* NetworkManager.swift */,
				46D117462CB53563000E3978 /* TMDBRouter.swift */,
			);
			path = Network;
			sourceTree = "<group>";
		};
		46D1174D2CB78D0D000E3978 /* DTO */ = {
			isa = PBXGroup;
			children = (
				46D117502CB791AD000E3978 /* SearchDTO.swift */,
				46D1174E2CB78D2E000E3978 /* TrendingMovieDTO.swift */,
				46D117522CB79426000E3978 /* TrendingTvDTO.swift */,
				46D117592CB798B7000E3978 /* GenreDTO.swift */,
				46D1175B2CB798F7000E3978 /* SimilarMovieDTO.swift */,
				46D1175D2CB79907000E3978 /* SimilarTvDTO.swift */,
				46D1175F2CB7A215000E3978 /* CreditsDTO.swift */,
			);
			path = DTO;
			sourceTree = "<group>";
		};
		46D117822CB7D335000E3978 /* APIError */ = {
			isa = PBXGroup;
			children = (
				46D117832CB7D34B000E3978 /* APIError.swift */,
			);
			path = APIError;
			sourceTree = "<group>";
		};
		53737A492CB510BB00DDB73F = {
			isa = PBXGroup;
			children = (
				6B2364152CB7D4A10008AA8C /* Secretes.xcconfig */,
				53737A692CB510D400DDB73F /* .gitignore */,
				53737A542CB510BB00DDB73F /* TongueLaw */,
				53737A532CB510BB00DDB73F /* Products */,
			);
			sourceTree = "<group>";
		};
		53737A532CB510BB00DDB73F /* Products */ = {
			isa = PBXGroup;
			children = (
				53737A522CB510BB00DDB73F /* TongueLaw.app */,
			);
			name = Products;
			sourceTree = "<group>";
		};
		53737A542CB510BB00DDB73F /* TongueLaw */ = {
			isa = PBXGroup;
			children = (
				53B731F92CB6B1A500D18FAB /* Service */,
				538E6F342CB69A5400070B32 /* CoreData */,
				6B2363D82CB75B210008AA8C /* Utils */,
				46D117432CB53490000E3978 /* Network */,
				53737A6D2CB5191500DDB73F /* LifeCycle */,
				6B2363AB2CB52ABA0008AA8C /* Presentation */,
				6B2363C12CB538CC0008AA8C /* ViewComponent */,
				6B2363B42CB5319B0008AA8C /* Extension */,
				53737A6E2CB5192500DDB73F /* Resource */,
				53737A632CB510BD00DDB73F /* Info.plist */,
			);
			path = TongueLaw;
			sourceTree = "<group>";
		};
		53737A6D2CB5191500DDB73F /* LifeCycle */ = {
			isa = PBXGroup;
			children = (
				53737A552CB510BB00DDB73F /* AppDelegate.swift */,
				53737A572CB510BB00DDB73F /* SceneDelegate.swift */,
			);
			path = LifeCycle;
			sourceTree = "<group>";
		};
		53737A6E2CB5192500DDB73F /* Resource */ = {
			isa = PBXGroup;
			children = (
				6B2363C02CB537A60008AA8C /* DesignComponent */,
				53737A602CB510BD00DDB73F /* LaunchScreen.storyboard */,
				53737A5E2CB510BD00DDB73F /* Assets.xcassets */,
			);
			path = Resource;
			sourceTree = "<group>";
		};
		538E6F342CB69A5400070B32 /* CoreData */ = {
			isa = PBXGroup;
			children = (
				536843802CB6AEE000FD33C8 /* FavoriteEntity+CoreDataClass.swift */,
				536843812CB6AEE000FD33C8 /* FavoriteEntity+CoreDataProperties.swift */,
				53B731F72CB6B19C00D18FAB /* CoreDataManager.swift */,
				6B2364162CB7D5290008AA8C /* FavoriteDataModel.xcdatamodeld */,
			);
			path = CoreData;
			sourceTree = "<group>";
		};
		53B731F92CB6B1A500D18FAB /* Service */ = {
			isa = PBXGroup;
			children = (
				53B731FA2CB6B1B400D18FAB /* FavoriteManager.swift */,
			);
			path = Service;
			sourceTree = "<group>";
		};
		53FAB4872CB79340005C4D34 /* VM */ = {
			isa = PBXGroup;
			children = (
				53FAB4882CB7934D005C4D34 /* FavoriteListViewModel.swift */,
			);
			path = VM;
			sourceTree = "<group>";
		};
		53FAB48F2CB794BD005C4D34 /* Model */ = {
			isa = PBXGroup;
			children = (
				5373FFB12CB6AD70006E54A8 /* FavoriteContent.swift */,
			);
			path = Model;
			sourceTree = "<group>";
		};
		6B2363AB2CB52ABA0008AA8C /* Presentation */ = {
			isa = PBXGroup;
			children = (
				6B2363B92CB532C20008AA8C /* BaseView */,
				6B2363EE2CB78CCB0008AA8C /* Tab */,
				6B2363DA2CB76EF50008AA8C /* HomeViewController */,
				6B2363DE2CB7703C0008AA8C /* SearchViewController */,
				6B2363E22CB773C30008AA8C /* FavoriteListViewController */,
				6B2363F12CB794F30008AA8C /* DetailViewController */,
			);
			path = Presentation;
			sourceTree = "<group>";
		};
		6B2363B42CB5319B0008AA8C /* Extension */ = {
			isa = PBXGroup;
			children = (
				6B2363B52CB531E60008AA8C /* UIButton+Extension.swift */,
			);
			path = Extension;
			sourceTree = "<group>";
		};
		6B2363B92CB532C20008AA8C /* BaseView */ = {
			isa = PBXGroup;
			children = (
				6B2363AC2CB52ACA0008AA8C /* BaseViewProtocol.swift */,
			);
			path = BaseView;
			sourceTree = "<group>";
		};
		6B2363C02CB537A60008AA8C /* DesignComponent */ = {
			isa = PBXGroup;
			children = (
				6B2363B72CB5321E0008AA8C /* DesignOfButton.swift */,
			);
			path = DesignComponent;
			sourceTree = "<group>";
		};
		6B2363C12CB538CC0008AA8C /* ViewComponent */ = {
			isa = PBXGroup;
			children = (
				6B2363D02CB65C980008AA8C /* HeaderView */,
				6B2363C22CB538DE0008AA8C /* Cell */,
			);
			path = ViewComponent;
			sourceTree = "<group>";
		};
		6B2363C22CB538DE0008AA8C /* Cell */ = {
			isa = PBXGroup;
			children = (
				6B2363CC2CB6555A0008AA8C /* MainRecommendCollectionViewCell.swift */,
				6B2363C62CB539830008AA8C /* PosterCollectionViewCell.swift */,
				6B2363CA2CB53C9F0008AA8C /* MovieListCollectionViewCell.swift */,
			);
			path = Cell;
			sourceTree = "<group>";
		};
		6B2363D02CB65C980008AA8C /* HeaderView */ = {
			isa = PBXGroup;
			children = (
				6B2363D12CB65CAD0008AA8C /* TitleCollectionViewHeader.swift */,
			);
			path = HeaderView;
			sourceTree = "<group>";
		};
		6B2363D82CB75B210008AA8C /* Utils */ = {
			isa = PBXGroup;
			children = (
				6B2363D92CB75B4A0008AA8C /* Protocol */,
			);
			path = Utils;
			sourceTree = "<group>";
		};
		6B2363D92CB75B4A0008AA8C /* Protocol */ = {
			isa = PBXGroup;
			children = (
				6B2363CE2CB65A540008AA8C /* ReuseableIdentifierProtocol.swift */,
			);
			path = Protocol;
			sourceTree = "<group>";
		};
		6B2363DA2CB76EF50008AA8C /* HomeViewController */ = {
			isa = PBXGroup;
			children = (
				6B2363DD2CB76FA10008AA8C /* VC */,
				6B2364192CB7D5460008AA8C /* VM */,
			);
			path = HomeViewController;
			sourceTree = "<group>";
		};
		6B2363DD2CB76FA10008AA8C /* VC */ = {
			isa = PBXGroup;
			children = (
				6B2363DB2CB76F450008AA8C /* HomeViewController.swift */,
			);
			path = VC;
			sourceTree = "<group>";
		};
		6B2363DE2CB7703C0008AA8C /* SearchViewController */ = {
			isa = PBXGroup;
			children = (
				6B2363DF2CB7704A0008AA8C /* VC */,
			);
			path = SearchViewController;
			sourceTree = "<group>";
		};
		6B2363DF2CB7704A0008AA8C /* VC */ = {
			isa = PBXGroup;
			children = (
				6B2363E02CB770540008AA8C /* SearchViewController.swift */,
			);
			path = VC;
			sourceTree = "<group>";
		};
		6B2363E22CB773C30008AA8C /* FavoriteListViewController */ = {
			isa = PBXGroup;
			children = (
				53FAB48F2CB794BD005C4D34 /* Model */,
				53FAB4872CB79340005C4D34 /* VM */,
				6B2363E32CB775230008AA8C /* VC */,
			);
			path = FavoriteListViewController;
			sourceTree = "<group>";
		};
		6B2363E32CB775230008AA8C /* VC */ = {
			isa = PBXGroup;
			children = (
				6B2363E42CB775370008AA8C /* FavoriteListViewController.swift */,
			);
			path = VC;
			sourceTree = "<group>";
		};
		6B2363EE2CB78CCB0008AA8C /* Tab */ = {
			isa = PBXGroup;
			children = (
				6B2363EF2CB78CDD0008AA8C /* UserTabBarController.swift */,
			);
			path = Tab;
			sourceTree = "<group>";
		};
		6B2363F12CB794F30008AA8C /* DetailViewController */ = {
			isa = PBXGroup;
			children = (
				6B2363F22CB795060008AA8C /* VC */,
				6B2363F52CB797F20008AA8C /* View */,
			);
			path = DetailViewController;
			sourceTree = "<group>";
		};
		6B2363F22CB795060008AA8C /* VC */ = {
			isa = PBXGroup;
			children = (
				6B2363F32CB795270008AA8C /* DetailViewController.swift */,
			);
			path = VC;
			sourceTree = "<group>";
		};
		6B2363F52CB797F20008AA8C /* View */ = {
			isa = PBXGroup;
			children = (
				6B2363F82CB79C2C0008AA8C /* DetailInformationCollectionViewCell.swift */,
				6B2363F62CB798060008AA8C /* DetailOverviewCollectionViewCell.swift */,
				6B2364022CB7AACE0008AA8C /* DetailCastCollectionViewCell.swift */,
			);
			path = View;
			sourceTree = "<group>";
		};
		6B2364192CB7D5460008AA8C /* VM */ = {
			isa = PBXGroup;
			children = (
				6B23641B2CB7D5710008AA8C /* HomeViewModel.swift */,
			);
			path = VM;
			sourceTree = "<group>";
		};
/* End PBXGroup section */

/* Begin PBXNativeTarget section */
		53737A512CB510BB00DDB73F /* TongueLaw */ = {
			isa = PBXNativeTarget;
			buildConfigurationList = 53737A662CB510BD00DDB73F /* Build configuration list for PBXNativeTarget "TongueLaw" */;
			buildPhases = (
				53737A4E2CB510BB00DDB73F /* Sources */,
				53737A4F2CB510BB00DDB73F /* Frameworks */,
				53737A502CB510BB00DDB73F /* Resources */,
			);
			buildRules = (
			);
			dependencies = (
			);
			name = TongueLaw;
			packageProductDependencies = (
				6B1A213A2CBE4ABF003CBB66 /* Moya */,
				6B1A213C2CBE4ABF003CBB66 /* RxMoya */,
				6B1A213F2CBE4AE5003CBB66 /* RxCocoa */,
				6B1A21412CBE4AE5003CBB66 /* RxSwift */,
				6B1A21442CBE4AF1003CBB66 /* SnapKit */,
				6B1A21472CBE4AFD003CBB66 /* Kingfisher */,
			);
			productName = TongueLaw;
			productReference = 53737A522CB510BB00DDB73F /* TongueLaw.app */;
			productType = "com.apple.product-type.application";
		};
/* End PBXNativeTarget section */

/* Begin PBXProject section */
		53737A4A2CB510BB00DDB73F /* Project object */ = {
			isa = PBXProject;
			attributes = {
				BuildIndependentTargetsInParallel = 1;
				LastSwiftUpdateCheck = 1530;
				LastUpgradeCheck = 1530;
				TargetAttributes = {
					53737A512CB510BB00DDB73F = {
						CreatedOnToolsVersion = 15.3;
					};
				};
			};
			buildConfigurationList = 53737A4D2CB510BB00DDB73F /* Build configuration list for PBXProject "TongueLaw" */;
			compatibilityVersion = "Xcode 14.0";
			developmentRegion = en;
			hasScannedForEncodings = 0;
			knownRegions = (
				en,
				Base,
			);
			mainGroup = 53737A492CB510BB00DDB73F;
			packageReferences = (
				6B1A21392CBE4ABF003CBB66 /* XCRemoteSwiftPackageReference "Moya" */,
				6B1A213E2CBE4AE5003CBB66 /* XCRemoteSwiftPackageReference "RxSwift" */,
				6B1A21432CBE4AF1003CBB66 /* XCRemoteSwiftPackageReference "SnapKit" */,
				6B1A21462CBE4AFD003CBB66 /* XCRemoteSwiftPackageReference "Kingfisher" */,
			);
			productRefGroup = 53737A532CB510BB00DDB73F /* Products */;
			projectDirPath = "";
			projectRoot = "";
			targets = (
				53737A512CB510BB00DDB73F /* TongueLaw */,
			);
		};
/* End PBXProject section */

/* Begin PBXResourcesBuildPhase section */
		53737A502CB510BB00DDB73F /* Resources */ = {
			isa = PBXResourcesBuildPhase;
			buildActionMask = 2147483647;
			files = (
				53737A6A2CB510D400DDB73F /* .gitignore in Resources */,
				53737A5F2CB510BD00DDB73F /* Assets.xcassets in Resources */,
				53737A622CB510BD00DDB73F /* Base in Resources */,
			);
			runOnlyForDeploymentPostprocessing = 0;
		};
/* End PBXResourcesBuildPhase section */

/* Begin PBXSourcesBuildPhase section */
		53737A4E2CB510BB00DDB73F /* Sources */ = {
			isa = PBXSourcesBuildPhase;
			buildActionMask = 2147483647;
			files = (
				53B731F52CB6B13A00D18FAB /* FavoriteEntity+CoreDataClass.swift in Sources */,
				46D1175A2CB798B7000E3978 /* GenreDTO.swift in Sources */,
				53B731F62CB6B13A00D18FAB /* FavoriteEntity+CoreDataProperties.swift in Sources */,
				6B2363F42CB795270008AA8C /* DetailViewController.swift in Sources */,
				6B2364182CB7D5290008AA8C /* FavoriteDataModel.xcdatamodeld in Sources */,
				6B2363DC2CB76F450008AA8C /* HomeViewController.swift in Sources */,
				53FAB4892CB7934D005C4D34 /* FavoriteListViewModel.swift in Sources */,
				6B2363F72CB798060008AA8C /* DetailOverviewCollectionViewCell.swift in Sources */,
				6B2363CF2CB65A540008AA8C /* ReuseableIdentifierProtocol.swift in Sources */,
				6B2363C72CB539830008AA8C /* PosterCollectionViewCell.swift in Sources */,
				6B23641C2CB7D5710008AA8C /* HomeViewModel.swift in Sources */,
				6B2363B82CB5321E0008AA8C /* DesignOfButton.swift in Sources */,
				46D117842CB7D34B000E3978 /* APIError.swift in Sources */,
				6B2363F02CB78CDD0008AA8C /* UserTabBarController.swift in Sources */,
				46D117452CB534BE000E3978 /* NetworkManager.swift in Sources */,
				53FAB4862CB792DC005C4D34 /* (null) in Sources */,
				5373FFB22CB6AD70006E54A8 /* FavoriteContent.swift in Sources */,
				46D117602CB7A215000E3978 /* CreditsDTO.swift in Sources */,
				53737A562CB510BB00DDB73F /* AppDelegate.swift in Sources */,
				53B731FB2CB6B1B400D18FAB /* FavoriteManager.swift in Sources */,
				6B2364032CB7AACE0008AA8C /* DetailCastCollectionViewCell.swift in Sources */,
				6B2363E12CB770540008AA8C /* SearchViewController.swift in Sources */,
				6B2363B62CB531E60008AA8C /* UIButton+Extension.swift in Sources */,
				6B2363CD2CB6555A0008AA8C /* MainRecommendCollectionViewCell.swift in Sources */,
				46D117472CB53563000E3978 /* TMDBRouter.swift in Sources */,
				6B2363E52CB775370008AA8C /* FavoriteListViewController.swift in Sources */,
				53737A582CB510BB00DDB73F /* SceneDelegate.swift in Sources */,
				46D1175C2CB798F7000E3978 /* SimilarMovieDTO.swift in Sources */,
				46D1175E2CB79907000E3978 /* SimilarTvDTO.swift in Sources */,
				6B2363D22CB65CAD0008AA8C /* TitleCollectionViewHeader.swift in Sources */,
				6B2363F92CB79C2C0008AA8C /* DetailInformationCollectionViewCell.swift in Sources */,
				6B2363CB2CB53C9F0008AA8C /* MovieListCollectionViewCell.swift in Sources */,
				46D117532CB79426000E3978 /* TrendingTvDTO.swift in Sources */,
				46D117512CB791AD000E3978 /* SearchDTO.swift in Sources */,
				6B2363AD2CB52ACA0008AA8C /* BaseViewProtocol.swift in Sources */,
				46D1174F2CB78D2E000E3978 /* TrendingMovieDTO.swift in Sources */,
				53B731F82CB6B19C00D18FAB /* CoreDataManager.swift in Sources */,
				46D1174C2CB77F59000E3978 /* (null) in Sources */,
			);
			runOnlyForDeploymentPostprocessing = 0;
		};
/* End PBXSourcesBuildPhase section */

/* Begin PBXVariantGroup section */
		53737A602CB510BD00DDB73F /* LaunchScreen.storyboard */ = {
			isa = PBXVariantGroup;
			children = (
				53737A612CB510BD00DDB73F /* Base */,
			);
			name = LaunchScreen.storyboard;
			sourceTree = "<group>";
		};
/* End PBXVariantGroup section */

/* Begin XCBuildConfiguration section */
		53737A642CB510BD00DDB73F /* Debug */ = {
			isa = XCBuildConfiguration;
			buildSettings = {
				ALWAYS_SEARCH_USER_PATHS = NO;
				ASSETCATALOG_COMPILER_GENERATE_SWIFT_ASSET_SYMBOL_EXTENSIONS = YES;
				CLANG_ANALYZER_NONNULL = YES;
				CLANG_ANALYZER_NUMBER_OBJECT_CONVERSION = YES_AGGRESSIVE;
				CLANG_CXX_LANGUAGE_STANDARD = "gnu++20";
				CLANG_ENABLE_MODULES = YES;
				CLANG_ENABLE_OBJC_ARC = YES;
				CLANG_ENABLE_OBJC_WEAK = YES;
				CLANG_WARN_BLOCK_CAPTURE_AUTORELEASING = YES;
				CLANG_WARN_BOOL_CONVERSION = YES;
				CLANG_WARN_COMMA = YES;
				CLANG_WARN_CONSTANT_CONVERSION = YES;
				CLANG_WARN_DEPRECATED_OBJC_IMPLEMENTATIONS = YES;
				CLANG_WARN_DIRECT_OBJC_ISA_USAGE = YES_ERROR;
				CLANG_WARN_DOCUMENTATION_COMMENTS = YES;
				CLANG_WARN_EMPTY_BODY = YES;
				CLANG_WARN_ENUM_CONVERSION = YES;
				CLANG_WARN_INFINITE_RECURSION = YES;
				CLANG_WARN_INT_CONVERSION = YES;
				CLANG_WARN_NON_LITERAL_NULL_CONVERSION = YES;
				CLANG_WARN_OBJC_IMPLICIT_RETAIN_SELF = YES;
				CLANG_WARN_OBJC_LITERAL_CONVERSION = YES;
				CLANG_WARN_OBJC_ROOT_CLASS = YES_ERROR;
				CLANG_WARN_QUOTED_INCLUDE_IN_FRAMEWORK_HEADER = YES;
				CLANG_WARN_RANGE_LOOP_ANALYSIS = YES;
				CLANG_WARN_STRICT_PROTOTYPES = YES;
				CLANG_WARN_SUSPICIOUS_MOVE = YES;
				CLANG_WARN_UNGUARDED_AVAILABILITY = YES_AGGRESSIVE;
				CLANG_WARN_UNREACHABLE_CODE = YES;
				CLANG_WARN__DUPLICATE_METHOD_MATCH = YES;
				COPY_PHASE_STRIP = NO;
				DEBUG_INFORMATION_FORMAT = dwarf;
				ENABLE_STRICT_OBJC_MSGSEND = YES;
				ENABLE_TESTABILITY = YES;
				ENABLE_USER_SCRIPT_SANDBOXING = YES;
				GCC_C_LANGUAGE_STANDARD = gnu17;
				GCC_DYNAMIC_NO_PIC = NO;
				GCC_NO_COMMON_BLOCKS = YES;
				GCC_OPTIMIZATION_LEVEL = 0;
				GCC_PREPROCESSOR_DEFINITIONS = (
					"DEBUG=1",
					"$(inherited)",
				);
				GCC_WARN_64_TO_32_BIT_CONVERSION = YES;
				GCC_WARN_ABOUT_RETURN_TYPE = YES_ERROR;
				GCC_WARN_UNDECLARED_SELECTOR = YES;
				GCC_WARN_UNINITIALIZED_AUTOS = YES_AGGRESSIVE;
				GCC_WARN_UNUSED_FUNCTION = YES;
				GCC_WARN_UNUSED_VARIABLE = YES;
				IPHONEOS_DEPLOYMENT_TARGET = 17.4;
				LOCALIZATION_PREFERS_STRING_CATALOGS = YES;
				MTL_ENABLE_DEBUG_INFO = INCLUDE_SOURCE;
				MTL_FAST_MATH = YES;
				ONLY_ACTIVE_ARCH = YES;
				SDKROOT = iphoneos;
				SWIFT_ACTIVE_COMPILATION_CONDITIONS = "DEBUG $(inherited)";
				SWIFT_OPTIMIZATION_LEVEL = "-Onone";
			};
			name = Debug;
		};
		53737A652CB510BD00DDB73F /* Release */ = {
			isa = XCBuildConfiguration;
			buildSettings = {
				ALWAYS_SEARCH_USER_PATHS = NO;
				ASSETCATALOG_COMPILER_GENERATE_SWIFT_ASSET_SYMBOL_EXTENSIONS = YES;
				CLANG_ANALYZER_NONNULL = YES;
				CLANG_ANALYZER_NUMBER_OBJECT_CONVERSION = YES_AGGRESSIVE;
				CLANG_CXX_LANGUAGE_STANDARD = "gnu++20";
				CLANG_ENABLE_MODULES = YES;
				CLANG_ENABLE_OBJC_ARC = YES;
				CLANG_ENABLE_OBJC_WEAK = YES;
				CLANG_WARN_BLOCK_CAPTURE_AUTORELEASING = YES;
				CLANG_WARN_BOOL_CONVERSION = YES;
				CLANG_WARN_COMMA = YES;
				CLANG_WARN_CONSTANT_CONVERSION = YES;
				CLANG_WARN_DEPRECATED_OBJC_IMPLEMENTATIONS = YES;
				CLANG_WARN_DIRECT_OBJC_ISA_USAGE = YES_ERROR;
				CLANG_WARN_DOCUMENTATION_COMMENTS = YES;
				CLANG_WARN_EMPTY_BODY = YES;
				CLANG_WARN_ENUM_CONVERSION = YES;
				CLANG_WARN_INFINITE_RECURSION = YES;
				CLANG_WARN_INT_CONVERSION = YES;
				CLANG_WARN_NON_LITERAL_NULL_CONVERSION = YES;
				CLANG_WARN_OBJC_IMPLICIT_RETAIN_SELF = YES;
				CLANG_WARN_OBJC_LITERAL_CONVERSION = YES;
				CLANG_WARN_OBJC_ROOT_CLASS = YES_ERROR;
				CLANG_WARN_QUOTED_INCLUDE_IN_FRAMEWORK_HEADER = YES;
				CLANG_WARN_RANGE_LOOP_ANALYSIS = YES;
				CLANG_WARN_STRICT_PROTOTYPES = YES;
				CLANG_WARN_SUSPICIOUS_MOVE = YES;
				CLANG_WARN_UNGUARDED_AVAILABILITY = YES_AGGRESSIVE;
				CLANG_WARN_UNREACHABLE_CODE = YES;
				CLANG_WARN__DUPLICATE_METHOD_MATCH = YES;
				COPY_PHASE_STRIP = NO;
				DEBUG_INFORMATION_FORMAT = "dwarf-with-dsym";
				ENABLE_NS_ASSERTIONS = NO;
				ENABLE_STRICT_OBJC_MSGSEND = YES;
				ENABLE_USER_SCRIPT_SANDBOXING = YES;
				GCC_C_LANGUAGE_STANDARD = gnu17;
				GCC_NO_COMMON_BLOCKS = YES;
				GCC_WARN_64_TO_32_BIT_CONVERSION = YES;
				GCC_WARN_ABOUT_RETURN_TYPE = YES_ERROR;
				GCC_WARN_UNDECLARED_SELECTOR = YES;
				GCC_WARN_UNINITIALIZED_AUTOS = YES_AGGRESSIVE;
				GCC_WARN_UNUSED_FUNCTION = YES;
				GCC_WARN_UNUSED_VARIABLE = YES;
				IPHONEOS_DEPLOYMENT_TARGET = 17.4;
				LOCALIZATION_PREFERS_STRING_CATALOGS = YES;
				MTL_ENABLE_DEBUG_INFO = NO;
				MTL_FAST_MATH = YES;
				SDKROOT = iphoneos;
				SWIFT_COMPILATION_MODE = wholemodule;
				VALIDATE_PRODUCT = YES;
			};
			name = Release;
		};
		53737A672CB510BD00DDB73F /* Debug */ = {
			isa = XCBuildConfiguration;
			baseConfigurationReference = 6B2364152CB7D4A10008AA8C /* Secretes.xcconfig */;
			buildSettings = {
				ASSETCATALOG_COMPILER_APPICON_NAME = AppIcon;
				ASSETCATALOG_COMPILER_GLOBAL_ACCENT_COLOR_NAME = AccentColor;
				CODE_SIGN_STYLE = Automatic;
				CURRENT_PROJECT_VERSION = 1;
				DEVELOPMENT_TEAM = CX8P4D8Z7M;
				GENERATE_INFOPLIST_FILE = YES;
				INFOPLIST_FILE = TongueLaw/Info.plist;
				INFOPLIST_KEY_UIApplicationSupportsIndirectInputEvents = YES;
				INFOPLIST_KEY_UILaunchStoryboardName = LaunchScreen;
				INFOPLIST_KEY_UISupportedInterfaceOrientations_iPad = "UIInterfaceOrientationPortrait UIInterfaceOrientationPortraitUpsideDown UIInterfaceOrientationLandscapeLeft UIInterfaceOrientationLandscapeRight";
				INFOPLIST_KEY_UISupportedInterfaceOrientations_iPhone = "UIInterfaceOrientationPortrait UIInterfaceOrientationLandscapeLeft UIInterfaceOrientationLandscapeRight";
				LD_RUNPATH_SEARCH_PATHS = (
					"$(inherited)",
					"@executable_path/Frameworks",
				);
				MARKETING_VERSION = 1.0;
				PRODUCT_BUNDLE_IDENTIFIER = sk.TongueLaw;
				PRODUCT_NAME = "$(TARGET_NAME)";
				SWIFT_EMIT_LOC_STRINGS = YES;
				SWIFT_VERSION = 5.0;
				TARGETED_DEVICE_FAMILY = "1,2";
			};
			name = Debug;
		};
		53737A682CB510BD00DDB73F /* Release */ = {
			isa = XCBuildConfiguration;
			buildSettings = {
				ASSETCATALOG_COMPILER_APPICON_NAME = AppIcon;
				ASSETCATALOG_COMPILER_GLOBAL_ACCENT_COLOR_NAME = AccentColor;
				CODE_SIGN_STYLE = Automatic;
				CURRENT_PROJECT_VERSION = 1;
				DEVELOPMENT_TEAM = CX8P4D8Z7M;
				GENERATE_INFOPLIST_FILE = YES;
				INFOPLIST_FILE = TongueLaw/Info.plist;
				INFOPLIST_KEY_UIApplicationSupportsIndirectInputEvents = YES;
				INFOPLIST_KEY_UILaunchStoryboardName = LaunchScreen;
				INFOPLIST_KEY_UISupportedInterfaceOrientations_iPad = "UIInterfaceOrientationPortrait UIInterfaceOrientationPortraitUpsideDown UIInterfaceOrientationLandscapeLeft UIInterfaceOrientationLandscapeRight";
				INFOPLIST_KEY_UISupportedInterfaceOrientations_iPhone = "UIInterfaceOrientationPortrait UIInterfaceOrientationLandscapeLeft UIInterfaceOrientationLandscapeRight";
				LD_RUNPATH_SEARCH_PATHS = (
					"$(inherited)",
					"@executable_path/Frameworks",
				);
				MARKETING_VERSION = 1.0;
				PRODUCT_BUNDLE_IDENTIFIER = sk.TongueLaw;
				PRODUCT_NAME = "$(TARGET_NAME)";
				SWIFT_EMIT_LOC_STRINGS = YES;
				SWIFT_VERSION = 5.0;
				TARGETED_DEVICE_FAMILY = "1,2";
			};
			name = Release;
		};
/* End XCBuildConfiguration section */

/* Begin XCConfigurationList section */
		53737A4D2CB510BB00DDB73F /* Build configuration list for PBXProject "TongueLaw" */ = {
			isa = XCConfigurationList;
			buildConfigurations = (
				53737A642CB510BD00DDB73F /* Debug */,
				53737A652CB510BD00DDB73F /* Release */,
			);
			defaultConfigurationIsVisible = 0;
			defaultConfigurationName = Release;
		};
		53737A662CB510BD00DDB73F /* Build configuration list for PBXNativeTarget "TongueLaw" */ = {
			isa = XCConfigurationList;
			buildConfigurations = (
				53737A672CB510BD00DDB73F /* Debug */,
				53737A682CB510BD00DDB73F /* Release */,
			);
			defaultConfigurationIsVisible = 0;
			defaultConfigurationName = Release;
		};
/* End XCConfigurationList section */

/* Begin XCRemoteSwiftPackageReference section */
		6B1A21392CBE4ABF003CBB66 /* XCRemoteSwiftPackageReference "Moya" */ = {
			isa = XCRemoteSwiftPackageReference;
			repositoryURL = "https://github.com/Moya/Moya.git";
			requirement = {
				kind = upToNextMajorVersion;
				minimumVersion = 15.0.3;
			};
		};
		6B1A213E2CBE4AE5003CBB66 /* XCRemoteSwiftPackageReference "RxSwift" */ = {
			isa = XCRemoteSwiftPackageReference;
			repositoryURL = "https://github.com/ReactiveX/RxSwift.git";
			requirement = {
				kind = upToNextMajorVersion;
				minimumVersion = 6.8.0;
			};
		};
		6B1A21432CBE4AF1003CBB66 /* XCRemoteSwiftPackageReference "SnapKit" */ = {
			isa = XCRemoteSwiftPackageReference;
			repositoryURL = "https://github.com/SnapKit/SnapKit.git";
			requirement = {
				kind = upToNextMajorVersion;
				minimumVersion = 5.7.1;
			};
		};
		6B1A21462CBE4AFD003CBB66 /* XCRemoteSwiftPackageReference "Kingfisher" */ = {
			isa = XCRemoteSwiftPackageReference;
			repositoryURL = "https://github.com/onevcat/Kingfisher.git";
			requirement = {
				kind = upToNextMajorVersion;
				minimumVersion = 8.1.0;
			};
		};
/* End XCRemoteSwiftPackageReference section */

/* Begin XCSwiftPackageProductDependency section */
		6B1A213A2CBE4ABF003CBB66 /* Moya */ = {
			isa = XCSwiftPackageProductDependency;
			package = 6B1A21392CBE4ABF003CBB66 /* XCRemoteSwiftPackageReference "Moya" */;
			productName = Moya;
		};
		6B1A213C2CBE4ABF003CBB66 /* RxMoya */ = {
			isa = XCSwiftPackageProductDependency;
			package = 6B1A21392CBE4ABF003CBB66 /* XCRemoteSwiftPackageReference "Moya" */;
			productName = RxMoya;
		};
		6B1A213F2CBE4AE5003CBB66 /* RxCocoa */ = {
			isa = XCSwiftPackageProductDependency;
			package = 6B1A213E2CBE4AE5003CBB66 /* XCRemoteSwiftPackageReference "RxSwift" */;
			productName = RxCocoa;
		};
		6B1A21412CBE4AE5003CBB66 /* RxSwift */ = {
			isa = XCSwiftPackageProductDependency;
			package = 6B1A213E2CBE4AE5003CBB66 /* XCRemoteSwiftPackageReference "RxSwift" */;
			productName = RxSwift;
		};
		6B1A21442CBE4AF1003CBB66 /* SnapKit */ = {
			isa = XCSwiftPackageProductDependency;
			package = 6B1A21432CBE4AF1003CBB66 /* XCRemoteSwiftPackageReference "SnapKit" */;
			productName = SnapKit;
		};
		6B1A21472CBE4AFD003CBB66 /* Kingfisher */ = {
			isa = XCSwiftPackageProductDependency;
			package = 6B1A21462CBE4AFD003CBB66 /* XCRemoteSwiftPackageReference "Kingfisher" */;
			productName = Kingfisher;
		};
/* End XCSwiftPackageProductDependency section */

/* Begin XCVersionGroup section */
		6B2364162CB7D5290008AA8C /* FavoriteDataModel.xcdatamodeld */ = {
			isa = XCVersionGroup;
			children = (
				6B2364172CB7D5290008AA8C /* FavoriteModel.xcdatamodel */,
			);
			currentVersion = 6B2364172CB7D5290008AA8C /* FavoriteModel.xcdatamodel */;
			name = FavoriteDataModel.xcdatamodeld;
			path = /Users/choiseungbeom/Downloads/FavoriteDataModel.xcdatamodeld;
			sourceTree = "<group>";
			versionGroupType = wrapper.xcdatamodel;
		};
/* End XCVersionGroup section */
	};
	rootObject = 53737A4A2CB510BB00DDB73F /* Project object */;
}
