// !$*UTF8*$!
{
	archiveVersion = 1;
	classes = {
	};
	objectVersion = 56;
	objects = {

/* Begin PBXBuildFile section */
		46D1173D2CB531F4000E3978 /* Secrets.xcconfig in Resources */ = {isa = PBXBuildFile; fileRef = 46D1173C2CB531F3000E3978 /* Secrets.xcconfig */; };
		46D117402CB53403000E3978 /* Moya in Frameworks */ = {isa = PBXBuildFile; productRef = 46D1173F2CB53403000E3978 /* Moya */; };
		46D117422CB53403000E3978 /* RxMoya in Frameworks */ = {isa = PBXBuildFile; productRef = 46D117412CB53403000E3978 /* RxMoya */; };
		46D117452CB534BE000E3978 /* NetworkManager.swift in Sources */ = {isa = PBXBuildFile; fileRef = 46D117442CB534BE000E3978 /* NetworkManager.swift */; };
		46D117472CB53563000E3978 /* TMDBRouter.swift in Sources */ = {isa = PBXBuildFile; fileRef = 46D117462CB53563000E3978 /* TMDBRouter.swift */; };
		53737A562CB510BB00DDB73F /* AppDelegate.swift in Sources */ = {isa = PBXBuildFile; fileRef = 53737A552CB510BB00DDB73F /* AppDelegate.swift */; };
		53737A582CB510BB00DDB73F /* SceneDelegate.swift in Sources */ = {isa = PBXBuildFile; fileRef = 53737A572CB510BB00DDB73F /* SceneDelegate.swift */; };
		53737A5F2CB510BD00DDB73F /* Assets.xcassets in Resources */ = {isa = PBXBuildFile; fileRef = 53737A5E2CB510BD00DDB73F /* Assets.xcassets */; };
		53737A622CB510BD00DDB73F /* Base in Resources */ = {isa = PBXBuildFile; fileRef = 53737A612CB510BD00DDB73F /* Base */; };
		53737A6A2CB510D400DDB73F /* .gitignore in Resources */ = {isa = PBXBuildFile; fileRef = 53737A692CB510D400DDB73F /* .gitignore */; };
		6B2363AD2CB52ACA0008AA8C /* BaseViewProtocol.swift in Sources */ = {isa = PBXBuildFile; fileRef = 6B2363AC2CB52ACA0008AA8C /* BaseViewProtocol.swift */; };
/* End PBXBuildFile section */

/* Begin PBXFileReference section */
		46D1173C2CB531F3000E3978 /* Secrets.xcconfig */ = {isa = PBXFileReference; lastKnownFileType = text.xcconfig; path = Secrets.xcconfig; sourceTree = "<group>"; };
		46D117442CB534BE000E3978 /* NetworkManager.swift */ = {isa = PBXFileReference; lastKnownFileType = sourcecode.swift; path = NetworkManager.swift; sourceTree = "<group>"; };
		46D117462CB53563000E3978 /* TMDBRouter.swift */ = {isa = PBXFileReference; lastKnownFileType = sourcecode.swift; path = TMDBRouter.swift; sourceTree = "<group>"; };
		53737A522CB510BB00DDB73F /* TongueLaw.app */ = {isa = PBXFileReference; explicitFileType = wrapper.application; includeInIndex = 0; path = TongueLaw.app; sourceTree = BUILT_PRODUCTS_DIR; };
		53737A552CB510BB00DDB73F /* AppDelegate.swift */ = {isa = PBXFileReference; lastKnownFileType = sourcecode.swift; path = AppDelegate.swift; sourceTree = "<group>"; };
		53737A572CB510BB00DDB73F /* SceneDelegate.swift */ = {isa = PBXFileReference; lastKnownFileType = sourcecode.swift; path = SceneDelegate.swift; sourceTree = "<group>"; };
		53737A5E2CB510BD00DDB73F /* Assets.xcassets */ = {isa = PBXFileReference; lastKnownFileType = folder.assetcatalog; path = Assets.xcassets; sourceTree = "<group>"; };
		53737A612CB510BD00DDB73F /* Base */ = {isa = PBXFileReference; lastKnownFileType = file.storyboard; name = Base; path = Base.lproj/LaunchScreen.storyboard; sourceTree = "<group>"; };
		53737A632CB510BD00DDB73F /* Info.plist */ = {isa = PBXFileReference; lastKnownFileType = text.plist.xml; path = Info.plist; sourceTree = "<group>"; };
		53737A692CB510D400DDB73F /* .gitignore */ = {isa = PBXFileReference; lastKnownFileType = text; path = .gitignore; sourceTree = "<group>"; };
		6B2363AC2CB52ACA0008AA8C /* BaseViewProtocol.swift */ = {isa = PBXFileReference; lastKnownFileType = sourcecode.swift; path = BaseViewProtocol.swift; sourceTree = "<group>"; };
/* End PBXFileReference section */

/* Begin PBXFrameworksBuildPhase section */
		53737A4F2CB510BB00DDB73F /* Frameworks */ = {
			isa = PBXFrameworksBuildPhase;
			buildActionMask = 2147483647;
			files = (
				46D117422CB53403000E3978 /* RxMoya in Frameworks */,
				46D117402CB53403000E3978 /* Moya in Frameworks */,
			);
			runOnlyForDeploymentPostprocessing = 0;
		};
/* End PBXFrameworksBuildPhase section */

/* Begin PBXGroup section */
		46D117432CB53490000E3978 /* Network */ = {
			isa = PBXGroup;
			children = (
				46D117442CB534BE000E3978 /* NetworkManager.swift */,
				46D117462CB53563000E3978 /* TMDBRouter.swift */,
			);
			path = Network;
			sourceTree = "<group>";
		};
		53737A492CB510BB00DDB73F = {
			isa = PBXGroup;
			children = (
				46D1173C2CB531F3000E3978 /* Secrets.xcconfig */,
				53737A692CB510D400DDB73F /* .gitignore */,
				53737A542CB510BB00DDB73F /* TongueLaw */,
				53737A532CB510BB00DDB73F /* Products */,
			);
			sourceTree = "<group>";
		};
		53737A532CB510BB00DDB73F /* Products */ = {
			isa = PBXGroup;
			children = (
				53737A522CB510BB00DDB73F /* TongueLaw.app */,
			);
			name = Products;
			sourceTree = "<group>";
		};
		53737A542CB510BB00DDB73F /* TongueLaw */ = {
			isa = PBXGroup;
			children = (
				46D117432CB53490000E3978 /* Network */,
				53737A6D2CB5191500DDB73F /* LifeCycle */,
				6B2363AB2CB52ABA0008AA8C /* Presentation */,
				53737A6E2CB5192500DDB73F /* Resource */,
				53737A632CB510BD00DDB73F /* Info.plist */,
			);
			path = TongueLaw;
			sourceTree = "<group>";
		};
		53737A6D2CB5191500DDB73F /* LifeCycle */ = {
			isa = PBXGroup;
			children = (
				53737A552CB510BB00DDB73F /* AppDelegate.swift */,
				53737A572CB510BB00DDB73F /* SceneDelegate.swift */,
			);
			path = LifeCycle;
			sourceTree = "<group>";
		};
		53737A6E2CB5192500DDB73F /* Resource */ = {
			isa = PBXGroup;
			children = (
				53737A602CB510BD00DDB73F /* LaunchScreen.storyboard */,
				53737A5E2CB510BD00DDB73F /* Assets.xcassets */,
			);
			path = Resource;
			sourceTree = "<group>";
		};
		6B2363AB2CB52ABA0008AA8C /* Presentation */ = {
			isa = PBXGroup;
			children = (
				6B2363AC2CB52ACA0008AA8C /* BaseViewProtocol.swift */,
			);
			path = Presentation;
			sourceTree = "<group>";
		};
/* End PBXGroup section */

/* Begin PBXNativeTarget section */
		53737A512CB510BB00DDB73F /* TongueLaw */ = {
			isa = PBXNativeTarget;
			buildConfigurationList = 53737A662CB510BD00DDB73F /* Build configuration list for PBXNativeTarget "TongueLaw" */;
			buildPhases = (
				53737A4E2CB510BB00DDB73F /* Sources */,
				53737A4F2CB510BB00DDB73F /* Frameworks */,
				53737A502CB510BB00DDB73F /* Resources */,
			);
			buildRules = (
			);
			dependencies = (
			);
			name = TongueLaw;
			packageProductDependencies = (
				46D1173F2CB53403000E3978 /* Moya */,
				46D117412CB53403000E3978 /* RxMoya */,
			);
			productName = TongueLaw;
			productReference = 53737A522CB510BB00DDB73F /* TongueLaw.app */;
			productType = "com.apple.product-type.application";
		};
/* End PBXNativeTarget section */

/* Begin PBXProject section */
		53737A4A2CB510BB00DDB73F /* Project object */ = {
			isa = PBXProject;
			attributes = {
				BuildIndependentTargetsInParallel = 1;
				LastSwiftUpdateCheck = 1530;
				LastUpgradeCheck = 1530;
				TargetAttributes = {
					53737A512CB510BB00DDB73F = {
						CreatedOnToolsVersion = 15.3;
					};
				};
			};
			buildConfigurationList = 53737A4D2CB510BB00DDB73F /* Build configuration list for PBXProject "TongueLaw" */;
			compatibilityVersion = "Xcode 14.0";
			developmentRegion = en;
			hasScannedForEncodings = 0;
			knownRegions = (
				en,
				Base,
			);
			mainGroup = 53737A492CB510BB00DDB73F;
			packageReferences = (
				46D1173E2CB53403000E3978 /* XCRemoteSwiftPackageReference "Moya" */,
			);
			productRefGroup = 53737A532CB510BB00DDB73F /* Products */;
			projectDirPath = "";
			projectRoot = "";
			targets = (
				53737A512CB510BB00DDB73F /* TongueLaw */,
			);
		};
/* End PBXProject section */

/* Begin PBXResourcesBuildPhase section */
		53737A502CB510BB00DDB73F /* Resources */ = {
			isa = PBXResourcesBuildPhase;
			buildActionMask = 2147483647;
			files = (
				46D1173D2CB531F4000E3978 /* Secrets.xcconfig in Resources */,
				53737A6A2CB510D400DDB73F /* .gitignore in Resources */,
				53737A5F2CB510BD00DDB73F /* Assets.xcassets in Resources */,
				53737A622CB510BD00DDB73F /* Base in Resources */,
			);
			runOnlyForDeploymentPostprocessing = 0;
		};
/* End PBXResourcesBuildPhase section */

/* Begin PBXSourcesBuildPhase section */
		53737A4E2CB510BB00DDB73F /* Sources */ = {
			isa = PBXSourcesBuildPhase;
			buildActionMask = 2147483647;
			files = (
				46D117452CB534BE000E3978 /* NetworkManager.swift in Sources */,
				53737A562CB510BB00DDB73F /* AppDelegate.swift in Sources */,
				46D117472CB53563000E3978 /* TMDBRouter.swift in Sources */,
				53737A582CB510BB00DDB73F /* SceneDelegate.swift in Sources */,
				6B2363AD2CB52ACA0008AA8C /* BaseViewProtocol.swift in Sources */,
			);
			runOnlyForDeploymentPostprocessing = 0;
		};
/* End PBXSourcesBuildPhase section */

/* Begin PBXVariantGroup section */
		53737A602CB510BD00DDB73F /* LaunchScreen.storyboard */ = {
			isa = PBXVariantGroup;
			children = (
				53737A612CB510BD00DDB73F /* Base */,
			);
			name = LaunchScreen.storyboard;
			sourceTree = "<group>";
		};
/* End PBXVariantGroup section */

/* Begin XCBuildConfiguration section */
		53737A642CB510BD00DDB73F /* Debug */ = {
			isa = XCBuildConfiguration;
			buildSettings = {
				ALWAYS_SEARCH_USER_PATHS = NO;
				ASSETCATALOG_COMPILER_GENERATE_SWIFT_ASSET_SYMBOL_EXTENSIONS = YES;
				CLANG_ANALYZER_NONNULL = YES;
				CLANG_ANALYZER_NUMBER_OBJECT_CONVERSION = YES_AGGRESSIVE;
				CLANG_CXX_LANGUAGE_STANDARD = "gnu++20";
				CLANG_ENABLE_MODULES = YES;
				CLANG_ENABLE_OBJC_ARC = YES;
				CLANG_ENABLE_OBJC_WEAK = YES;
				CLANG_WARN_BLOCK_CAPTURE_AUTORELEASING = YES;
				CLANG_WARN_BOOL_CONVERSION = YES;
				CLANG_WARN_COMMA = YES;
				CLANG_WARN_CONSTANT_CONVERSION = YES;
				CLANG_WARN_DEPRECATED_OBJC_IMPLEMENTATIONS = YES;
				CLANG_WARN_DIRECT_OBJC_ISA_USAGE = YES_ERROR;
				CLANG_WARN_DOCUMENTATION_COMMENTS = YES;
				CLANG_WARN_EMPTY_BODY = YES;
				CLANG_WARN_ENUM_CONVERSION = YES;
				CLANG_WARN_INFINITE_RECURSION = YES;
				CLANG_WARN_INT_CONVERSION = YES;
				CLANG_WARN_NON_LITERAL_NULL_CONVERSION = YES;
				CLANG_WARN_OBJC_IMPLICIT_RETAIN_SELF = YES;
				CLANG_WARN_OBJC_LITERAL_CONVERSION = YES;
				CLANG_WARN_OBJC_ROOT_CLASS = YES_ERROR;
				CLANG_WARN_QUOTED_INCLUDE_IN_FRAMEWORK_HEADER = YES;
				CLANG_WARN_RANGE_LOOP_ANALYSIS = YES;
				CLANG_WARN_STRICT_PROTOTYPES = YES;
				CLANG_WARN_SUSPICIOUS_MOVE = YES;
				CLANG_WARN_UNGUARDED_AVAILABILITY = YES_AGGRESSIVE;
				CLANG_WARN_UNREACHABLE_CODE = YES;
				CLANG_WARN__DUPLICATE_METHOD_MATCH = YES;
				COPY_PHASE_STRIP = NO;
				DEBUG_INFORMATION_FORMAT = dwarf;
				ENABLE_STRICT_OBJC_MSGSEND = YES;
				ENABLE_TESTABILITY = YES;
				ENABLE_USER_SCRIPT_SANDBOXING = YES;
				GCC_C_LANGUAGE_STANDARD = gnu17;
				GCC_DYNAMIC_NO_PIC = NO;
				GCC_NO_COMMON_BLOCKS = YES;
				GCC_OPTIMIZATION_LEVEL = 0;
				GCC_PREPROCESSOR_DEFINITIONS = (
					"DEBUG=1",
					"$(inherited)",
				);
				GCC_WARN_64_TO_32_BIT_CONVERSION = YES;
				GCC_WARN_ABOUT_RETURN_TYPE = YES_ERROR;
				GCC_WARN_UNDECLARED_SELECTOR = YES;
				GCC_WARN_UNINITIALIZED_AUTOS = YES_AGGRESSIVE;
				GCC_WARN_UNUSED_FUNCTION = YES;
				GCC_WARN_UNUSED_VARIABLE = YES;
				IPHONEOS_DEPLOYMENT_TARGET = 17.4;
				LOCALIZATION_PREFERS_STRING_CATALOGS = YES;
				MTL_ENABLE_DEBUG_INFO = INCLUDE_SOURCE;
				MTL_FAST_MATH = YES;
				ONLY_ACTIVE_ARCH = YES;
				SDKROOT = iphoneos;
				SWIFT_ACTIVE_COMPILATION_CONDITIONS = "DEBUG $(inherited)";
				SWIFT_OPTIMIZATION_LEVEL = "-Onone";
			};
			name = Debug;
		};
		53737A652CB510BD00DDB73F /* Release */ = {
			isa = XCBuildConfiguration;
			buildSettings = {
				ALWAYS_SEARCH_USER_PATHS = NO;
				ASSETCATALOG_COMPILER_GENERATE_SWIFT_ASSET_SYMBOL_EXTENSIONS = YES;
				CLANG_ANALYZER_NONNULL = YES;
				CLANG_ANALYZER_NUMBER_OBJECT_CONVERSION = YES_AGGRESSIVE;
				CLANG_CXX_LANGUAGE_STANDARD = "gnu++20";
				CLANG_ENABLE_MODULES = YES;
				CLANG_ENABLE_OBJC_ARC = YES;
				CLANG_ENABLE_OBJC_WEAK = YES;
				CLANG_WARN_BLOCK_CAPTURE_AUTORELEASING = YES;
				CLANG_WARN_BOOL_CONVERSION = YES;
				CLANG_WARN_COMMA = YES;
				CLANG_WARN_CONSTANT_CONVERSION = YES;
				CLANG_WARN_DEPRECATED_OBJC_IMPLEMENTATIONS = YES;
				CLANG_WARN_DIRECT_OBJC_ISA_USAGE = YES_ERROR;
				CLANG_WARN_DOCUMENTATION_COMMENTS = YES;
				CLANG_WARN_EMPTY_BODY = YES;
				CLANG_WARN_ENUM_CONVERSION = YES;
				CLANG_WARN_INFINITE_RECURSION = YES;
				CLANG_WARN_INT_CONVERSION = YES;
				CLANG_WARN_NON_LITERAL_NULL_CONVERSION = YES;
				CLANG_WARN_OBJC_IMPLICIT_RETAIN_SELF = YES;
				CLANG_WARN_OBJC_LITERAL_CONVERSION = YES;
				CLANG_WARN_OBJC_ROOT_CLASS = YES_ERROR;
				CLANG_WARN_QUOTED_INCLUDE_IN_FRAMEWORK_HEADER = YES;
				CLANG_WARN_RANGE_LOOP_ANALYSIS = YES;
				CLANG_WARN_STRICT_PROTOTYPES = YES;
				CLANG_WARN_SUSPICIOUS_MOVE = YES;
				CLANG_WARN_UNGUARDED_AVAILABILITY = YES_AGGRESSIVE;
				CLANG_WARN_UNREACHABLE_CODE = YES;
				CLANG_WARN__DUPLICATE_METHOD_MATCH = YES;
				COPY_PHASE_STRIP = NO;
				DEBUG_INFORMATION_FORMAT = "dwarf-with-dsym";
				ENABLE_NS_ASSERTIONS = NO;
				ENABLE_STRICT_OBJC_MSGSEND = YES;
				ENABLE_USER_SCRIPT_SANDBOXING = YES;
				GCC_C_LANGUAGE_STANDARD = gnu17;
				GCC_NO_COMMON_BLOCKS = YES;
				GCC_WARN_64_TO_32_BIT_CONVERSION = YES;
				GCC_WARN_ABOUT_RETURN_TYPE = YES_ERROR;
				GCC_WARN_UNDECLARED_SELECTOR = YES;
				GCC_WARN_UNINITIALIZED_AUTOS = YES_AGGRESSIVE;
				GCC_WARN_UNUSED_FUNCTION = YES;
				GCC_WARN_UNUSED_VARIABLE = YES;
				IPHONEOS_DEPLOYMENT_TARGET = 17.4;
				LOCALIZATION_PREFERS_STRING_CATALOGS = YES;
				MTL_ENABLE_DEBUG_INFO = NO;
				MTL_FAST_MATH = YES;
				SDKROOT = iphoneos;
				SWIFT_COMPILATION_MODE = wholemodule;
				VALIDATE_PRODUCT = YES;
			};
			name = Release;
		};
		53737A672CB510BD00DDB73F /* Debug */ = {
			isa = XCBuildConfiguration;
			buildSettings = {
				ASSETCATALOG_COMPILER_APPICON_NAME = AppIcon;
				ASSETCATALOG_COMPILER_GLOBAL_ACCENT_COLOR_NAME = AccentColor;
				CODE_SIGN_STYLE = Automatic;
				CURRENT_PROJECT_VERSION = 1;
				DEVELOPMENT_TEAM = CX8P4D8Z7M;
				GENERATE_INFOPLIST_FILE = YES;
				INFOPLIST_FILE = TongueLaw/Info.plist;
				INFOPLIST_KEY_UIApplicationSupportsIndirectInputEvents = YES;
				INFOPLIST_KEY_UILaunchStoryboardName = LaunchScreen;
				INFOPLIST_KEY_UISupportedInterfaceOrientations_iPad = "UIInterfaceOrientationPortrait UIInterfaceOrientationPortraitUpsideDown UIInterfaceOrientationLandscapeLeft UIInterfaceOrientationLandscapeRight";
				INFOPLIST_KEY_UISupportedInterfaceOrientations_iPhone = "UIInterfaceOrientationPortrait UIInterfaceOrientationLandscapeLeft UIInterfaceOrientationLandscapeRight";
				LD_RUNPATH_SEARCH_PATHS = (
					"$(inherited)",
					"@executable_path/Frameworks",
				);
				MARKETING_VERSION = 1.0;
				PRODUCT_BUNDLE_IDENTIFIER = sk.TongueLaw;
				PRODUCT_NAME = "$(TARGET_NAME)";
				SWIFT_EMIT_LOC_STRINGS = YES;
				SWIFT_VERSION = 5.0;
				TARGETED_DEVICE_FAMILY = "1,2";
			};
			name = Debug;
		};
		53737A682CB510BD00DDB73F /* Release */ = {
			isa = XCBuildConfiguration;
			buildSettings = {
				ASSETCATALOG_COMPILER_APPICON_NAME = AppIcon;
				ASSETCATALOG_COMPILER_GLOBAL_ACCENT_COLOR_NAME = AccentColor;
				CODE_SIGN_STYLE = Automatic;
				CURRENT_PROJECT_VERSION = 1;
				DEVELOPMENT_TEAM = CX8P4D8Z7M;
				GENERATE_INFOPLIST_FILE = YES;
				INFOPLIST_FILE = TongueLaw/Info.plist;
				INFOPLIST_KEY_UIApplicationSupportsIndirectInputEvents = YES;
				INFOPLIST_KEY_UILaunchStoryboardName = LaunchScreen;
				INFOPLIST_KEY_UISupportedInterfaceOrientations_iPad = "UIInterfaceOrientationPortrait UIInterfaceOrientationPortraitUpsideDown UIInterfaceOrientationLandscapeLeft UIInterfaceOrientationLandscapeRight";
				INFOPLIST_KEY_UISupportedInterfaceOrientations_iPhone = "UIInterfaceOrientationPortrait UIInterfaceOrientationLandscapeLeft UIInterfaceOrientationLandscapeRight";
				LD_RUNPATH_SEARCH_PATHS = (
					"$(inherited)",
					"@executable_path/Frameworks",
				);
				MARKETING_VERSION = 1.0;
				PRODUCT_BUNDLE_IDENTIFIER = sk.TongueLaw;
				PRODUCT_NAME = "$(TARGET_NAME)";
				SWIFT_EMIT_LOC_STRINGS = YES;
				SWIFT_VERSION = 5.0;
				TARGETED_DEVICE_FAMILY = "1,2";
			};
			name = Release;
		};
/* End XCBuildConfiguration section */

/* Begin XCConfigurationList section */
		53737A4D2CB510BB00DDB73F /* Build configuration list for PBXProject "TongueLaw" */ = {
			isa = XCConfigurationList;
			buildConfigurations = (
				53737A642CB510BD00DDB73F /* Debug */,
				53737A652CB510BD00DDB73F /* Release */,
			);
			defaultConfigurationIsVisible = 0;
			defaultConfigurationName = Release;
		};
		53737A662CB510BD00DDB73F /* Build configuration list for PBXNativeTarget "TongueLaw" */ = {
			isa = XCConfigurationList;
			buildConfigurations = (
				53737A672CB510BD00DDB73F /* Debug */,
				53737A682CB510BD00DDB73F /* Release */,
			);
			defaultConfigurationIsVisible = 0;
			defaultConfigurationName = Release;
		};
/* End XCConfigurationList section */

/* Begin XCRemoteSwiftPackageReference section */
		46D1173E2CB53403000E3978 /* XCRemoteSwiftPackageReference "Moya" */ = {
			isa = XCRemoteSwiftPackageReference;
			repositoryURL = "https://github.com/Moya/Moya";
			requirement = {
				kind = upToNextMajorVersion;
				minimumVersion = 15.0.3;
			};
		};
/* End XCRemoteSwiftPackageReference section */

/* Begin XCSwiftPackageProductDependency section */
		46D1173F2CB53403000E3978 /* Moya */ = {
			isa = XCSwiftPackageProductDependency;
			package = 46D1173E2CB53403000E3978 /* XCRemoteSwiftPackageReference "Moya" */;
			productName = Moya;
		};
		46D117412CB53403000E3978 /* RxMoya */ = {
			isa = XCSwiftPackageProductDependency;
			package = 46D1173E2CB53403000E3978 /* XCRemoteSwiftPackageReference "Moya" */;
			productName = RxMoya;
		};
/* End XCSwiftPackageProductDependency section */
	};
	rootObject = 53737A4A2CB510BB00DDB73F /* Project object */;
}
